
Microsoft Visual Studio Solution File, Format Version 12.00
# Visual Studio Version 17
VisualStudioVersion = 17.3.32804.467
MinimumVisualStudioVersion = 10.0.40219.1
Project("{9A19103F-16F7-4668-BE54-9A1E7A4F7556}") = "upd8_webApi", "upd8_webApi\upd8_webApi.csproj", "{070650B9-F61B-4072-B5E6-7662D597E000}"
	ProjectSection(ProjectDependencies) = postProject
		{79A5CE28-FDAB-4107-84F5-3EDA5FDF1123} = {79A5CE28-FDAB-4107-84F5-3EDA5FDF1123}
	EndProjectSection
EndProject
Project("{2150E333-8FDC-42A3-9474-1A3956D46DE8}") = "src", "src", "{FB18F628-78F9-4500-B3D4-F340E3A1F541}"
EndProject
Project("{2150E333-8FDC-42A3-9474-1A3956D46DE8}") = "Apresentacao", "Apresentacao", "{91ABF368-77C9-47E0-842A-7609CE51ED35}"
EndProject
Project("{2150E333-8FDC-42A3-9474-1A3956D46DE8}") = "Servicos", "Servicos", "{59E3A2E0-F939-4C98-A0B1-57F4688C784E}"
EndProject
Project("{9A19103F-16F7-4668-BE54-9A1E7A4F7556}") = "Servicos", "Servicos\Servicos.csproj", "{79A5CE28-FDAB-4107-84F5-3EDA5FDF1123}"
EndProject
Project("{2150E333-8FDC-42A3-9474-1A3956D46DE8}") = "Repositorio", "Repositorio", "{590AD6FE-2011-46AD-A084-009E672B7ADB}"
EndProject
Project("{9A19103F-16F7-4668-BE54-9A1E7A4F7556}") = "Repositorio", "Repositorio\Repositorio.csproj", "{8797D0BD-3A9D-4C74-B30E-3A6990973381}"
EndProject
Project("{2150E333-8FDC-42A3-9474-1A3956D46DE8}") = "DTO", "DTO", "{190C5DC7-D31A-4C2F-AC35-683F02FBECE7}"
EndProject
Project("{FAE04EC0-301F-11D3-BF4B-00C04F79EFBC}") = "DTO", "DTO\DTO.csproj", "{86430275-FBF2-4AF2-9839-1FD15E1C2315}"
EndProject
Project("{2150E333-8FDC-42A3-9474-1A3956D46DE8}") = "Dados", "Dados", "{A1E9249E-A8CE-4824-99E7-D5F1EA242026}"
EndProject
Project("{FAE04EC0-301F-11D3-BF4B-00C04F79EFBC}") = "Dados", "Dados\Dados.csproj", "{CBA8A924-8710-421A-8700-B6EFDABD2A70}"
EndProject
Project("{2150E333-8FDC-42A3-9474-1A3956D46DE8}") = "Contexto", "Contexto", "{0EE178DA-230F-4A95-84EB-7AC0AFCCEB40}"
EndProject
Project("{FAE04EC0-301F-11D3-BF4B-00C04F79EFBC}") = "Contexto", "Contexto\Contexto.csproj", "{F124D92E-7E4E-44A4-986D-F816806045C2}"
EndProject
Global
	GlobalSection(SolutionConfigurationPlatforms) = preSolution
		Debug|Any CPU = Debug|Any CPU
		Release|Any CPU = Release|Any CPU
	EndGlobalSection
	GlobalSection(ProjectConfigurationPlatforms) = postSolution
		{070650B9-F61B-4072-B5E6-7662D597E000}.Debug|Any CPU.ActiveCfg = Debug|Any CPU
		{070650B9-F61B-4072-B5E6-7662D597E000}.Debug|Any CPU.Build.0 = Debug|Any CPU
		{070650B9-F61B-4072-B5E6-7662D597E000}.Release|Any CPU.ActiveCfg = Release|Any CPU
		{070650B9-F61B-4072-B5E6-7662D597E000}.Release|Any CPU.Build.0 = Release|Any CPU
		{79A5CE28-FDAB-4107-84F5-3EDA5FDF1123}.Debug|Any CPU.ActiveCfg = Debug|Any CPU
		{79A5CE28-FDAB-4107-84F5-3EDA5FDF1123}.Debug|Any CPU.Build.0 = Debug|Any CPU
		{79A5CE28-FDAB-4107-84F5-3EDA5FDF1123}.Release|Any CPU.ActiveCfg = Release|Any CPU
		{79A5CE28-FDAB-4107-84F5-3EDA5FDF1123}.Release|Any CPU.Build.0 = Release|Any CPU
		{8797D0BD-3A9D-4C74-B30E-3A6990973381}.Debug|Any CPU.ActiveCfg = Debug|Any CPU
		{8797D0BD-3A9D-4C74-B30E-3A6990973381}.Debug|Any CPU.Build.0 = Debug|Any CPU
		{8797D0BD-3A9D-4C74-B30E-3A6990973381}.Release|Any CPU.ActiveCfg = Release|Any CPU
		{8797D0BD-3A9D-4C74-B30E-3A6990973381}.Release|Any CPU.Build.0 = Release|Any CPU
		{86430275-FBF2-4AF2-9839-1FD15E1C2315}.Debug|Any CPU.ActiveCfg = Debug|Any CPU
		{86430275-FBF2-4AF2-9839-1FD15E1C2315}.Debug|Any CPU.Build.0 = Debug|Any CPU
		{86430275-FBF2-4AF2-9839-1FD15E1C2315}.Release|Any CPU.ActiveCfg = Release|Any CPU
		{86430275-FBF2-4AF2-9839-1FD15E1C2315}.Release|Any CPU.Build.0 = Release|Any CPU
		{CBA8A924-8710-421A-8700-B6EFDABD2A70}.Debug|Any CPU.ActiveCfg = Debug|Any CPU
		{CBA8A924-8710-421A-8700-B6EFDABD2A70}.Debug|Any CPU.Build.0 = Debug|Any CPU
		{CBA8A924-8710-421A-8700-B6EFDABD2A70}.Release|Any CPU.ActiveCfg = Release|Any CPU
		{CBA8A924-8710-421A-8700-B6EFDABD2A70}.Release|Any CPU.Build.0 = Release|Any CPU
		{F124D92E-7E4E-44A4-986D-F816806045C2}.Debug|Any CPU.ActiveCfg = Debug|Any CPU
		{F124D92E-7E4E-44A4-986D-F816806045C2}.Debug|Any CPU.Build.0 = Debug|Any CPU
		{F124D92E-7E4E-44A4-986D-F816806045C2}.Release|Any CPU.ActiveCfg = Release|Any CPU
		{F124D92E-7E4E-44A4-986D-F816806045C2}.Release|Any CPU.Build.0 = Release|Any CPU
	EndGlobalSection
	GlobalSection(SolutionProperties) = preSolution
		HideSolutionNode = FALSE
	EndGlobalSection
	GlobalSection(NestedProjects) = preSolution
		{070650B9-F61B-4072-B5E6-7662D597E000} = {91ABF368-77C9-47E0-842A-7609CE51ED35}
		{91ABF368-77C9-47E0-842A-7609CE51ED35} = {FB18F628-78F9-4500-B3D4-F340E3A1F541}
		{59E3A2E0-F939-4C98-A0B1-57F4688C784E} = {FB18F628-78F9-4500-B3D4-F340E3A1F541}
		{79A5CE28-FDAB-4107-84F5-3EDA5FDF1123} = {59E3A2E0-F939-4C98-A0B1-57F4688C784E}
		{590AD6FE-2011-46AD-A084-009E672B7ADB} = {FB18F628-78F9-4500-B3D4-F340E3A1F541}
		{8797D0BD-3A9D-4C74-B30E-3A6990973381} = {590AD6FE-2011-46AD-A084-009E672B7ADB}
		{190C5DC7-D31A-4C2F-AC35-683F02FBECE7} = {FB18F628-78F9-4500-B3D4-F340E3A1F541}
		{86430275-FBF2-4AF2-9839-1FD15E1C2315} = {190C5DC7-D31A-4C2F-AC35-683F02FBECE7}
		{A1E9249E-A8CE-4824-99E7-D5F1EA242026} = {FB18F628-78F9-4500-B3D4-F340E3A1F541}
		{CBA8A924-8710-421A-8700-B6EFDABD2A70} = {A1E9249E-A8CE-4824-99E7-D5F1EA242026}
		{0EE178DA-230F-4A95-84EB-7AC0AFCCEB40} = {FB18F628-78F9-4500-B3D4-F340E3A1F541}
		{F124D92E-7E4E-44A4-986D-F816806045C2} = {0EE178DA-230F-4A95-84EB-7AC0AFCCEB40}
	EndGlobalSection
	GlobalSection(ExtensibilityGlobals) = postSolution
		SolutionGuid = {55E11CBB-D3DF-40A9-8316-443828DEFBCE}
	EndGlobalSection
EndGlobal
